
Microsoft Visual Studio Solution File, Format Version 12.00
# Visual Studio 15
VisualStudioVersion = 15.0.27428.2037
MinimumVisualStudioVersion = 10.0.40219.1
Project("{9A19103F-16F7-4668-BE54-9A1E7A4F7556}") = "LoanApplication.Core", "LoanApplication.Core\LoanApplication.Core.csproj", "{EF0143B5-B8F2-40A7-8972-AD6B15CDE8C8}"
EndProject
Project("{FAE04EC0-301F-11D3-BF4B-00C04F79EFBC}") = "LoanApplication.Tests.Unit", "LoanApplication.Tests.Unit\LoanApplication.Tests.Unit.csproj", "{1A4304D4-A12B-4D7D-A282-F76B27A92660}"
EndProject
Global
	GlobalSection(SolutionConfigurationPlatforms) = preSolution
		Debug|Any CPU = Debug|Any CPU
		Release|Any CPU = Release|Any CPU
	EndGlobalSection
	GlobalSection(ProjectConfigurationPlatforms) = postSolution
		{EF0143B5-B8F2-40A7-8972-AD6B15CDE8C8}.Debug|Any CPU.ActiveCfg = Debug|Any CPU
		{EF0143B5-B8F2-40A7-8972-AD6B15CDE8C8}.Debug|Any CPU.Build.0 = Debug|Any CPU
		{EF0143B5-B8F2-40A7-8972-AD6B15CDE8C8}.Release|Any CPU.ActiveCfg = Release|Any CPU
		{EF0143B5-B8F2-40A7-8972-AD6B15CDE8C8}.Release|Any CPU.Build.0 = Release|Any CPU
		{1A4304D4-A12B-4D7D-A282-F76B27A92660}.Debug|Any CPU.ActiveCfg = Debug|Any CPU
		{1A4304D4-A12B-4D7D-A282-F76B27A92660}.Debug|Any CPU.Build.0 = Debug|Any CPU
		{1A4304D4-A12B-4D7D-A282-F76B27A92660}.Release|Any CPU.ActiveCfg = Release|Any CPU
		{1A4304D4-A12B-4D7D-A282-F76B27A92660}.Release|Any CPU.Build.0 = Release|Any CPU
	EndGlobalSection
	GlobalSection(SolutionProperties) = preSolution
		HideSolutionNode = FALSE
	EndGlobalSection
	GlobalSection(ExtensibilityGlobals) = postSolution
		SolutionGuid = {E53A49D1-527E-4846-A83B-D0FA89C2BF5F}
	EndGlobalSection
EndGlobal
