
Microsoft Visual Studio Solution File, Format Version 12.00
# Visual Studio 15
VisualStudioVersion = 15.0.27428.2037
MinimumVisualStudioVersion = 10.0.40219.1
Project("{FAE04EC0-301F-11D3-BF4B-00C04F79EFBC}") = "Csharp_7", "Csharp_7\Csharp_7.csproj", "{450C08E4-3CDC-4C3F-A5AB-61B5219942D1}"
EndProject
Project("{FAE04EC0-301F-11D3-BF4B-00C04F79EFBC}") = "WebApp", "WebApp\WebApp.csproj", "{E5E79A58-5066-4C3C-94D3-3308CBAC81E5}"
EndProject
Project("{2150E333-8FDC-42A3-9474-1A3956D46DE8}") = "Solution Items", "Solution Items", "{048C9DB3-B39A-4A0D-BFAA-6DC3474642CD}"
	ProjectSection(SolutionItems) = preProject
		Linux-Commandts.txt = Linux-Commandts.txt
	EndProjectSection
EndProject
Global
	GlobalSection(SolutionConfigurationPlatforms) = preSolution
		Debug|Any CPU = Debug|Any CPU
		Release|Any CPU = Release|Any CPU
	EndGlobalSection
	GlobalSection(ProjectConfigurationPlatforms) = postSolution
		{450C08E4-3CDC-4C3F-A5AB-61B5219942D1}.Debug|Any CPU.ActiveCfg = Debug|Any CPU
		{450C08E4-3CDC-4C3F-A5AB-61B5219942D1}.Debug|Any CPU.Build.0 = Debug|Any CPU
		{450C08E4-3CDC-4C3F-A5AB-61B5219942D1}.Release|Any CPU.ActiveCfg = Release|Any CPU
		{450C08E4-3CDC-4C3F-A5AB-61B5219942D1}.Release|Any CPU.Build.0 = Release|Any CPU
		{E5E79A58-5066-4C3C-94D3-3308CBAC81E5}.Debug|Any CPU.ActiveCfg = Debug|Any CPU
		{E5E79A58-5066-4C3C-94D3-3308CBAC81E5}.Debug|Any CPU.Build.0 = Debug|Any CPU
		{E5E79A58-5066-4C3C-94D3-3308CBAC81E5}.Release|Any CPU.ActiveCfg = Release|Any CPU
		{E5E79A58-5066-4C3C-94D3-3308CBAC81E5}.Release|Any CPU.Build.0 = Release|Any CPU
	EndGlobalSection
	GlobalSection(SolutionProperties) = preSolution
		HideSolutionNode = FALSE
	EndGlobalSection
	GlobalSection(ExtensibilityGlobals) = postSolution
		SolutionGuid = {A3995ABA-008C-4704-9CB3-FF204B19B49F}
	EndGlobalSection
EndGlobal
